
Microsoft Visual Studio Solution File, Format Version 12.00
# Visual Studio Version 17
VisualStudioVersion = 17.3.32929.385
MinimumVisualStudioVersion = 10.0.40219.1
Project("{8BC9CEB8-8B4A-11D0-8D11-00A0C91BC942}") = "Project2", "Project2\Project2.vcxproj", "{B4A9D6D7-189A-445A-8F73-16DDDFE9D509}"
EndProject
Global
	GlobalSection(SolutionConfigurationPlatforms) = preSolution
		Debug|x64 = Debug|x64
		Debug|x86 = Debug|x86
		Release|x64 = Release|x64
		Release|x86 = Release|x86
	EndGlobalSection
	GlobalSection(ProjectConfigurationPlatforms) = postSolution
		{B4A9D6D7-189A-445A-8F73-16DDDFE9D509}.Debug|x64.ActiveCfg = Debug|x64
		{B4A9D6D7-189A-445A-8F73-16DDDFE9D509}.Debug|x64.Build.0 = Debug|x64
		{B4A9D6D7-189A-445A-8F73-16DDDFE9D509}.Debug|x86.ActiveCfg = Debug|Win32
		{B4A9D6D7-189A-445A-8F73-16DDDFE9D509}.Debug|x86.Build.0 = Debug|Win32
		{B4A9D6D7-189A-445A-8F73-16DDDFE9D509}.Release|x64.ActiveCfg = Release|x64
		{B4A9D6D7-189A-445A-8F73-16DDDFE9D509}.Release|x64.Build.0 = Release|x64
		{B4A9D6D7-189A-445A-8F73-16DDDFE9D509}.Release|x86.ActiveCfg = Release|Win32
		{B4A9D6D7-189A-445A-8F73-16DDDFE9D509}.Release|x86.Build.0 = Release|Win32
	EndGlobalSection
	GlobalSection(SolutionProperties) = preSolution
		HideSolutionNode = FALSE
	EndGlobalSection
	GlobalSection(ExtensibilityGlobals) = postSolution
		SolutionGuid = {0A41F70D-5D06-4379-A798-E4ADF9D1C8C8}
	EndGlobalSection
EndGlobal
